
Microsoft Visual Studio Solution File, Format Version 12.00
# Visual Studio Version 16
VisualStudioVersion = 16.0.809.2
MinimumVisualStudioVersion = 10.0.40219.1
Project("{FAE04EC0-301F-11D3-BF4B-00C04F79EFBC}") = "Example.Android", "Example.Android\Example.Android.csproj", "{02F3CBEC-EEC3-4D5B-8B66-B305EBB66259}"
EndProject
Project("{FAE04EC0-301F-11D3-BF4B-00C04F79EFBC}") = "Example.iOS", "Example.iOS\Example.iOS.csproj", "{23142A71-D3A0-413A-A619-4D21CF07104E}"
EndProject
Project("{FAE04EC0-301F-11D3-BF4B-00C04F79EFBC}") = "Example", "Example\Example.csproj", "{6FF7DD89-2DB2-404F-A4BF-052A42D70A74}"
EndProject
Global
	GlobalSection(SolutionConfigurationPlatforms) = preSolution
		Debug|Any CPU = Debug|Any CPU
		Release|Any CPU = Release|Any CPU
		Debug|iPhoneSimulator = Debug|iPhoneSimulator
		Release|iPhoneSimulator = Release|iPhoneSimulator
		Debug|iPhone = Debug|iPhone
		Release|iPhone = Release|iPhone
	EndGlobalSection
	GlobalSection(ProjectConfigurationPlatforms) = postSolution
		{02F3CBEC-EEC3-4D5B-8B66-B305EBB66259}.Debug|Any CPU.ActiveCfg = Debug|Any CPU
		{02F3CBEC-EEC3-4D5B-8B66-B305EBB66259}.Debug|Any CPU.Build.0 = Debug|Any CPU
		{02F3CBEC-EEC3-4D5B-8B66-B305EBB66259}.Release|Any CPU.ActiveCfg = Release|Any CPU
		{02F3CBEC-EEC3-4D5B-8B66-B305EBB66259}.Release|Any CPU.Build.0 = Release|Any CPU
		{02F3CBEC-EEC3-4D5B-8B66-B305EBB66259}.Debug|iPhoneSimulator.ActiveCfg = Debug|Any CPU
		{02F3CBEC-EEC3-4D5B-8B66-B305EBB66259}.Debug|iPhoneSimulator.Build.0 = Debug|Any CPU
		{02F3CBEC-EEC3-4D5B-8B66-B305EBB66259}.Release|iPhoneSimulator.ActiveCfg = Release|Any CPU
		{02F3CBEC-EEC3-4D5B-8B66-B305EBB66259}.Release|iPhoneSimulator.Build.0 = Release|Any CPU
		{02F3CBEC-EEC3-4D5B-8B66-B305EBB66259}.Debug|iPhone.ActiveCfg = Debug|Any CPU
		{02F3CBEC-EEC3-4D5B-8B66-B305EBB66259}.Debug|iPhone.Build.0 = Debug|Any CPU
		{02F3CBEC-EEC3-4D5B-8B66-B305EBB66259}.Release|iPhone.ActiveCfg = Release|Any CPU
		{02F3CBEC-EEC3-4D5B-8B66-B305EBB66259}.Release|iPhone.Build.0 = Release|Any CPU
		{23142A71-D3A0-413A-A619-4D21CF07104E}.Debug|Any CPU.ActiveCfg = Debug|iPhoneSimulator
		{23142A71-D3A0-413A-A619-4D21CF07104E}.Debug|Any CPU.Build.0 = Debug|iPhoneSimulator
		{23142A71-D3A0-413A-A619-4D21CF07104E}.Release|Any CPU.ActiveCfg = Release|iPhoneSimulator
		{23142A71-D3A0-413A-A619-4D21CF07104E}.Release|Any CPU.Build.0 = Release|iPhoneSimulator
		{23142A71-D3A0-413A-A619-4D21CF07104E}.Debug|iPhoneSimulator.ActiveCfg = Debug|iPhoneSimulator
		{23142A71-D3A0-413A-A619-4D21CF07104E}.Debug|iPhoneSimulator.Build.0 = Debug|iPhoneSimulator
		{23142A71-D3A0-413A-A619-4D21CF07104E}.Release|iPhoneSimulator.ActiveCfg = Release|iPhoneSimulator
		{23142A71-D3A0-413A-A619-4D21CF07104E}.Release|iPhoneSimulator.Build.0 = Release|iPhoneSimulator
		{23142A71-D3A0-413A-A619-4D21CF07104E}.Debug|iPhone.ActiveCfg = Debug|iPhone
		{23142A71-D3A0-413A-A619-4D21CF07104E}.Debug|iPhone.Build.0 = Debug|iPhone
		{23142A71-D3A0-413A-A619-4D21CF07104E}.Release|iPhone.ActiveCfg = Release|iPhone
		{23142A71-D3A0-413A-A619-4D21CF07104E}.Release|iPhone.Build.0 = Release|iPhone
		{6FF7DD89-2DB2-404F-A4BF-052A42D70A74}.Debug|Any CPU.ActiveCfg = Debug|Any CPU
		{6FF7DD89-2DB2-404F-A4BF-052A42D70A74}.Debug|Any CPU.Build.0 = Debug|Any CPU
		{6FF7DD89-2DB2-404F-A4BF-052A42D70A74}.Release|Any CPU.ActiveCfg = Release|Any CPU
		{6FF7DD89-2DB2-404F-A4BF-052A42D70A74}.Release|Any CPU.Build.0 = Release|Any CPU
		{6FF7DD89-2DB2-404F-A4BF-052A42D70A74}.Debug|iPhoneSimulator.ActiveCfg = Debug|Any CPU
		{6FF7DD89-2DB2-404F-A4BF-052A42D70A74}.Debug|iPhoneSimulator.Build.0 = Debug|Any CPU
		{6FF7DD89-2DB2-404F-A4BF-052A42D70A74}.Release|iPhoneSimulator.ActiveCfg = Release|Any CPU
		{6FF7DD89-2DB2-404F-A4BF-052A42D70A74}.Release|iPhoneSimulator.Build.0 = Release|Any CPU
		{6FF7DD89-2DB2-404F-A4BF-052A42D70A74}.Debug|iPhone.ActiveCfg = Debug|Any CPU
		{6FF7DD89-2DB2-404F-A4BF-052A42D70A74}.Debug|iPhone.Build.0 = Debug|Any CPU
		{6FF7DD89-2DB2-404F-A4BF-052A42D70A74}.Release|iPhone.ActiveCfg = Release|Any CPU
		{6FF7DD89-2DB2-404F-A4BF-052A42D70A74}.Release|iPhone.Build.0 = Release|Any CPU
	EndGlobalSection
	GlobalSection(SolutionProperties) = preSolution
		HideSolutionNode = FALSE
	EndGlobalSection
	GlobalSection(ExtensibilityGlobals) = postSolution
		SolutionGuid = {A1EF254C-9D95-43A6-95F2-B45ED5AEE136}
	EndGlobalSection
EndGlobal
